
Microsoft Visual Studio Solution File, Format Version 12.00
# Visual Studio Version 16
VisualStudioVersion = 16.0.30104.148
MinimumVisualStudioVersion = 10.0.40219.1
Project("{9A19103F-16F7-4668-BE54-9A1E7A4F7556}") = "Helpdesk.WebApi", "Helpdesk.WebApi\Helpdesk.WebApi.csproj", "{806C9F5B-D91F-4467-9764-5F2EBF2C1AB4}"
EndProject
Project("{2150E333-8FDC-42A3-9474-1A3956D46DE8}") = "Application", "Application", "{302787A3-5C1B-42B3-81EE-23676B161248}"
EndProject
Project("{2150E333-8FDC-42A3-9474-1A3956D46DE8}") = "Domain", "Domain", "{8918A5F2-E00E-49B9-BD82-019C8723D23B}"
EndProject
Project("{2150E333-8FDC-42A3-9474-1A3956D46DE8}") = "Infrastructure", "Infrastructure", "{58C03593-565C-45C0-9983-4824AB65A0E1}"
EndProject
Project("{2150E333-8FDC-42A3-9474-1A3956D46DE8}") = "src", "src", "{F1D696BE-43BD-45B3-B52C-AFB0111CDF76}"
EndProject
Project("{9A19103F-16F7-4668-BE54-9A1E7A4F7556}") = "Helpdesk.Domain", "Helpdesk.Domain\Helpdesk.Domain.csproj", "{9660D8F9-8B7B-4E65-AA10-B7D1F6D59EA4}"
EndProject
Project("{9A19103F-16F7-4668-BE54-9A1E7A4F7556}") = "Helpdesk.Persistence", "Persistence\Helpdesk.Persistence.csproj", "{11C0D50F-0D2E-4DA3-BF06-D300ABDAF7CA}"
EndProject
Project("{9A19103F-16F7-4668-BE54-9A1E7A4F7556}") = "Helpdesk.Application", "Helpdesk.Application\Helpdesk.Application.csproj", "{70A1D835-32E4-484B-A594-6AE4D99DFC1E}"
EndProject
Project("{9A19103F-16F7-4668-BE54-9A1E7A4F7556}") = "Helpdesk.Persistence.MSSQL", "Helpdesk.Persistence.MSSQL\Helpdesk.Persistence.MSSQL.csproj", "{E4D56E24-76BF-41C1-A9E9-3F099FD51A15}"
EndProject
Project("{9A19103F-16F7-4668-BE54-9A1E7A4F7556}") = "Helpdesk.Shared", "Helpdesk.Shared\Helpdesk.Shared.csproj", "{5BA31588-EA76-4623-AFA6-6105129054F6}"
EndProject
Project("{9A19103F-16F7-4668-BE54-9A1E7A4F7556}") = "Helpdesk.Model", "Helpdesk.Model\Helpdesk.Model.csproj", "{EBAFB4AA-03DA-45FD-A576-F8BA91E9BF1A}"
EndProject
Project("{2150E333-8FDC-42A3-9474-1A3956D46DE8}") = "Shared", "Shared", "{82F6D6D8-A313-46DE-B2A1-C7D91767F1D9}"
EndProject
Project("{2150E333-8FDC-42A3-9474-1A3956D46DE8}") = "UI", "UI", "{D50CF685-E9BB-4438-A0C5-76098EDF1A48}"
EndProject
Global
	GlobalSection(SolutionConfigurationPlatforms) = preSolution
		Debug|Any CPU = Debug|Any CPU
		Release|Any CPU = Release|Any CPU
	EndGlobalSection
	GlobalSection(ProjectConfigurationPlatforms) = postSolution
		{806C9F5B-D91F-4467-9764-5F2EBF2C1AB4}.Debug|Any CPU.ActiveCfg = Debug|Any CPU
		{806C9F5B-D91F-4467-9764-5F2EBF2C1AB4}.Debug|Any CPU.Build.0 = Debug|Any CPU
		{806C9F5B-D91F-4467-9764-5F2EBF2C1AB4}.Release|Any CPU.ActiveCfg = Release|Any CPU
		{806C9F5B-D91F-4467-9764-5F2EBF2C1AB4}.Release|Any CPU.Build.0 = Release|Any CPU
		{9660D8F9-8B7B-4E65-AA10-B7D1F6D59EA4}.Debug|Any CPU.ActiveCfg = Debug|Any CPU
		{9660D8F9-8B7B-4E65-AA10-B7D1F6D59EA4}.Debug|Any CPU.Build.0 = Debug|Any CPU
		{9660D8F9-8B7B-4E65-AA10-B7D1F6D59EA4}.Release|Any CPU.ActiveCfg = Release|Any CPU
		{9660D8F9-8B7B-4E65-AA10-B7D1F6D59EA4}.Release|Any CPU.Build.0 = Release|Any CPU
		{11C0D50F-0D2E-4DA3-BF06-D300ABDAF7CA}.Debug|Any CPU.ActiveCfg = Debug|Any CPU
		{11C0D50F-0D2E-4DA3-BF06-D300ABDAF7CA}.Debug|Any CPU.Build.0 = Debug|Any CPU
		{11C0D50F-0D2E-4DA3-BF06-D300ABDAF7CA}.Release|Any CPU.ActiveCfg = Release|Any CPU
		{11C0D50F-0D2E-4DA3-BF06-D300ABDAF7CA}.Release|Any CPU.Build.0 = Release|Any CPU
		{70A1D835-32E4-484B-A594-6AE4D99DFC1E}.Debug|Any CPU.ActiveCfg = Debug|Any CPU
		{70A1D835-32E4-484B-A594-6AE4D99DFC1E}.Debug|Any CPU.Build.0 = Debug|Any CPU
		{70A1D835-32E4-484B-A594-6AE4D99DFC1E}.Release|Any CPU.ActiveCfg = Release|Any CPU
		{70A1D835-32E4-484B-A594-6AE4D99DFC1E}.Release|Any CPU.Build.0 = Release|Any CPU
		{E4D56E24-76BF-41C1-A9E9-3F099FD51A15}.Debug|Any CPU.ActiveCfg = Debug|Any CPU
		{E4D56E24-76BF-41C1-A9E9-3F099FD51A15}.Debug|Any CPU.Build.0 = Debug|Any CPU
		{E4D56E24-76BF-41C1-A9E9-3F099FD51A15}.Release|Any CPU.ActiveCfg = Release|Any CPU
		{E4D56E24-76BF-41C1-A9E9-3F099FD51A15}.Release|Any CPU.Build.0 = Release|Any CPU
		{5BA31588-EA76-4623-AFA6-6105129054F6}.Debug|Any CPU.ActiveCfg = Debug|Any CPU
		{5BA31588-EA76-4623-AFA6-6105129054F6}.Debug|Any CPU.Build.0 = Debug|Any CPU
		{5BA31588-EA76-4623-AFA6-6105129054F6}.Release|Any CPU.ActiveCfg = Release|Any CPU
		{5BA31588-EA76-4623-AFA6-6105129054F6}.Release|Any CPU.Build.0 = Release|Any CPU
		{EBAFB4AA-03DA-45FD-A576-F8BA91E9BF1A}.Debug|Any CPU.ActiveCfg = Debug|Any CPU
		{EBAFB4AA-03DA-45FD-A576-F8BA91E9BF1A}.Debug|Any CPU.Build.0 = Debug|Any CPU
		{EBAFB4AA-03DA-45FD-A576-F8BA91E9BF1A}.Release|Any CPU.ActiveCfg = Release|Any CPU
		{EBAFB4AA-03DA-45FD-A576-F8BA91E9BF1A}.Release|Any CPU.Build.0 = Release|Any CPU
	EndGlobalSection
	GlobalSection(SolutionProperties) = preSolution
		HideSolutionNode = FALSE
	EndGlobalSection
	GlobalSection(NestedProjects) = preSolution
		{806C9F5B-D91F-4467-9764-5F2EBF2C1AB4} = {F1D696BE-43BD-45B3-B52C-AFB0111CDF76}
		{302787A3-5C1B-42B3-81EE-23676B161248} = {F1D696BE-43BD-45B3-B52C-AFB0111CDF76}
		{8918A5F2-E00E-49B9-BD82-019C8723D23B} = {F1D696BE-43BD-45B3-B52C-AFB0111CDF76}
		{58C03593-565C-45C0-9983-4824AB65A0E1} = {F1D696BE-43BD-45B3-B52C-AFB0111CDF76}
		{9660D8F9-8B7B-4E65-AA10-B7D1F6D59EA4} = {8918A5F2-E00E-49B9-BD82-019C8723D23B}
		{11C0D50F-0D2E-4DA3-BF06-D300ABDAF7CA} = {58C03593-565C-45C0-9983-4824AB65A0E1}
		{70A1D835-32E4-484B-A594-6AE4D99DFC1E} = {302787A3-5C1B-42B3-81EE-23676B161248}
		{E4D56E24-76BF-41C1-A9E9-3F099FD51A15} = {58C03593-565C-45C0-9983-4824AB65A0E1}
		{5BA31588-EA76-4623-AFA6-6105129054F6} = {82F6D6D8-A313-46DE-B2A1-C7D91767F1D9}
		{EBAFB4AA-03DA-45FD-A576-F8BA91E9BF1A} = {302787A3-5C1B-42B3-81EE-23676B161248}
		{82F6D6D8-A313-46DE-B2A1-C7D91767F1D9} = {F1D696BE-43BD-45B3-B52C-AFB0111CDF76}
		{D50CF685-E9BB-4438-A0C5-76098EDF1A48} = {F1D696BE-43BD-45B3-B52C-AFB0111CDF76}
	EndGlobalSection
	GlobalSection(ExtensibilityGlobals) = postSolution
		SolutionGuid = {EB146E13-95A0-4031-8A18-1632D397DB7B}
	EndGlobalSection
EndGlobal
